
Microsoft Visual Studio Solution File, Format Version 12.00
# Visual Studio Version 17
VisualStudioVersion = 17.0.31903.59
MinimumVisualStudioVersion = 10.0.40219.1
Project("{9A19103F-16F7-4668-BE54-9A1E7A4F7556}") = "AspNetCoreFeatures.Toggles.Server", "Server\AspNetCoreFeatures.Toggles.Server.csproj", "{1DF60C40-3150-4C1D-BDCA-21227E418CCD}"
EndProject
Project("{9A19103F-16F7-4668-BE54-9A1E7A4F7556}") = "AspNetCoreFeatures.Toggles.Shared", "Shared\AspNetCoreFeatures.Toggles.Shared.csproj", "{6240F459-C7A1-4F3E-A339-A124507136C0}"
EndProject
Project("{9A19103F-16F7-4668-BE54-9A1E7A4F7556}") = "AspNetCoreFeatures.Toggles.Client", "Client\AspNetCoreFeatures.Toggles.Client.csproj", "{08FDCB8A-D2CD-4B65-8084-76BBA73FDB78}"
EndProject
Global
	GlobalSection(SolutionConfigurationPlatforms) = preSolution
		Debug|Any CPU = Debug|Any CPU
		Release|Any CPU = Release|Any CPU
	EndGlobalSection
	GlobalSection(ProjectConfigurationPlatforms) = postSolution
		{1DF60C40-3150-4C1D-BDCA-21227E418CCD}.Debug|Any CPU.ActiveCfg = Debug|Any CPU
		{1DF60C40-3150-4C1D-BDCA-21227E418CCD}.Debug|Any CPU.Build.0 = Debug|Any CPU
		{1DF60C40-3150-4C1D-BDCA-21227E418CCD}.Release|Any CPU.ActiveCfg = Release|Any CPU
		{1DF60C40-3150-4C1D-BDCA-21227E418CCD}.Release|Any CPU.Build.0 = Release|Any CPU
		{6240F459-C7A1-4F3E-A339-A124507136C0}.Debug|Any CPU.ActiveCfg = Debug|Any CPU
		{6240F459-C7A1-4F3E-A339-A124507136C0}.Debug|Any CPU.Build.0 = Debug|Any CPU
		{6240F459-C7A1-4F3E-A339-A124507136C0}.Release|Any CPU.ActiveCfg = Release|Any CPU
		{6240F459-C7A1-4F3E-A339-A124507136C0}.Release|Any CPU.Build.0 = Release|Any CPU
		{08FDCB8A-D2CD-4B65-8084-76BBA73FDB78}.Debug|Any CPU.ActiveCfg = Debug|Any CPU
		{08FDCB8A-D2CD-4B65-8084-76BBA73FDB78}.Debug|Any CPU.Build.0 = Debug|Any CPU
		{08FDCB8A-D2CD-4B65-8084-76BBA73FDB78}.Release|Any CPU.ActiveCfg = Release|Any CPU
		{08FDCB8A-D2CD-4B65-8084-76BBA73FDB78}.Release|Any CPU.Build.0 = Release|Any CPU
	EndGlobalSection
	GlobalSection(SolutionProperties) = preSolution
		HideSolutionNode = FALSE
	EndGlobalSection
	GlobalSection(ExtensibilityGlobals) = postSolution
		SolutionGuid = {6DBF8473-06FC-43AF-A14F-41F17AB93C7E}
	EndGlobalSection
EndGlobal
